// !$*UTF8*$!
{
	archiveVersion = 1;
	classes = {
	};
	objectVersion = 55;
	objects = {

/* Begin PBXBuildFile section */
		45A2B1600CBF0BA7EDA70418 /* Pods_VideoRecordingDemo.framework in Frameworks */ = {isa = PBXBuildFile; fileRef = 342E20B0677E638F6F61C8AD /* Pods_VideoRecordingDemo.framework */; };
		4C8707DB277CB8A5007D54F6 /* AppDelegate.swift in Sources */ = {isa = PBXBuildFile; fileRef = 4C8707DA277CB8A5007D54F6 /* AppDelegate.swift */; };
		4C8707DF277CB8A5007D54F6 /* RecordingVC.swift in Sources */ = {isa = PBXBuildFile; fileRef = 4C8707DE277CB8A5007D54F6 /* RecordingVC.swift */; };
		4C8707E2277CB8A5007D54F6 /* Main.storyboard in Resources */ = {isa = PBXBuildFile; fileRef = 4C8707E0277CB8A5007D54F6 /* Main.storyboard */; };
		4C8707E5277CB8A5007D54F6 /* VideoRecordingDemo.xcdatamodeld in Sources */ = {isa = PBXBuildFile; fileRef = 4C8707E3277CB8A5007D54F6 /* VideoRecordingDemo.xcdatamodeld */; };
		4C8707E7277CB8A7007D54F6 /* Assets.xcassets in Resources */ = {isa = PBXBuildFile; fileRef = 4C8707E6277CB8A7007D54F6 /* Assets.xcassets */; };
		4C8707EA277CB8A7007D54F6 /* LaunchScreen.storyboard in Resources */ = {isa = PBXBuildFile; fileRef = 4C8707E8277CB8A7007D54F6 /* LaunchScreen.storyboard */; };
		4C8707F4277CBA89007D54F6 /* CameraConfigration.swift in Sources */ = {isa = PBXBuildFile; fileRef = 4C8707F3277CBA89007D54F6 /* CameraConfigration.swift */; };
		4C8707F6277CBF84007D54F6 /* UIViewControllerExtensions.swift in Sources */ = {isa = PBXBuildFile; fileRef = 4C8707F5277CBF84007D54F6 /* UIViewControllerExtensions.swift */; };
		4C8707F9277CCE8F007D54F6 /* Constant.swift in Sources */ = {isa = PBXBuildFile; fileRef = 4C8707F8277CCE8F007D54F6 /* Constant.swift */; };
		4C8707FC277CCFB4007D54F6 /* Extension.swift in Sources */ = {isa = PBXBuildFile; fileRef = 4C8707FB277CCFB4007D54F6 /* Extension.swift */; };
		4C870800277CD849007D54F6 /* VideoPlayVC.swift in Sources */ = {isa = PBXBuildFile; fileRef = 4C8707FF277CD849007D54F6 /* VideoPlayVC.swift */; };
		4C870803277CDD42007D54F6 /* Player.swift in Sources */ = {isa = PBXBuildFile; fileRef = 4C870802277CDD42007D54F6 /* Player.swift */; };
		4C870805277CE121007D54F6 /* SampleVideo_360x240_1mb.mp4 in Resources */ = {isa = PBXBuildFile; fileRef = 4C870804277CE121007D54F6 /* SampleVideo_360x240_1mb.mp4 */; };
		4C870808277CEF41007D54F6 /* SingleTon.swift in Sources */ = {isa = PBXBuildFile; fileRef = 4C870807277CEF41007D54F6 /* SingleTon.swift */; };
/* End PBXBuildFile section */

/* Begin PBXFileReference section */
		342E20B0677E638F6F61C8AD /* Pods_VideoRecordingDemo.framework */ = {isa = PBXFileReference; explicitFileType = wrapper.framework; includeInIndex = 0; path = Pods_VideoRecordingDemo.framework; sourceTree = BUILT_PRODUCTS_DIR; };
		4C8707D7277CB8A5007D54F6 /* VideoRecordingDemo.app */ = {isa = PBXFileReference; explicitFileType = wrapper.application; includeInIndex = 0; path = VideoRecordingDemo.app; sourceTree = BUILT_PRODUCTS_DIR; };
		4C8707DA277CB8A5007D54F6 /* AppDelegate.swift */ = {isa = PBXFileReference; lastKnownFileType = sourcecode.swift; path = AppDelegate.swift; sourceTree = "<group>"; };
		4C8707DE277CB8A5007D54F6 /* RecordingVC.swift */ = {isa = PBXFileReference; lastKnownFileType = sourcecode.swift; path = RecordingVC.swift; sourceTree = "<group>"; };
		4C8707E1277CB8A5007D54F6 /* Base */ = {isa = PBXFileReference; lastKnownFileType = file.storyboard; name = Base; path = Base.lproj/Main.storyboard; sourceTree = "<group>"; };
		4C8707E4277CB8A5007D54F6 /* VideoRecordingDemo.xcdatamodel */ = {isa = PBXFileReference; lastKnownFileType = wrapper.xcdatamodel; path = VideoRecordingDemo.xcdatamodel; sourceTree = "<group>"; };
		4C8707E6277CB8A7007D54F6 /* Assets.xcassets */ = {isa = PBXFileReference; lastKnownFileType = folder.assetcatalog; path = Assets.xcassets; sourceTree = "<group>"; };
		4C8707E9277CB8A7007D54F6 /* Base */ = {isa = PBXFileReference; lastKnownFileType = file.storyboard; name = Base; path = Base.lproj/LaunchScreen.storyboard; sourceTree = "<group>"; };
		4C8707EB277CB8A7007D54F6 /* Info.plist */ = {isa = PBXFileReference; lastKnownFileType = text.plist.xml; path = Info.plist; sourceTree = "<group>"; };
		4C8707F3277CBA89007D54F6 /* CameraConfigration.swift */ = {isa = PBXFileReference; lastKnownFileType = sourcecode.swift; path = CameraConfigration.swift; sourceTree = "<group>"; };
		4C8707F5277CBF84007D54F6 /* UIViewControllerExtensions.swift */ = {isa = PBXFileReference; fileEncoding = 4; lastKnownFileType = sourcecode.swift; path = UIViewControllerExtensions.swift; sourceTree = "<group>"; };
		4C8707F8277CCE8F007D54F6 /* Constant.swift */ = {isa = PBXFileReference; lastKnownFileType = sourcecode.swift; path = Constant.swift; sourceTree = "<group>"; };
		4C8707FB277CCFB4007D54F6 /* Extension.swift */ = {isa = PBXFileReference; lastKnownFileType = sourcecode.swift; path = Extension.swift; sourceTree = "<group>"; };
		4C8707FF277CD849007D54F6 /* VideoPlayVC.swift */ = {isa = PBXFileReference; lastKnownFileType = sourcecode.swift; path = VideoPlayVC.swift; sourceTree = "<group>"; };
		4C870802277CDD42007D54F6 /* Player.swift */ = {isa = PBXFileReference; fileEncoding = 4; lastKnownFileType = sourcecode.swift; path = Player.swift; sourceTree = "<group>"; };
		4C870804277CE121007D54F6 /* SampleVideo_360x240_1mb.mp4 */ = {isa = PBXFileReference; lastKnownFileType = file; path = SampleVideo_360x240_1mb.mp4; sourceTree = "<group>"; };
		4C870807277CEF41007D54F6 /* SingleTon.swift */ = {isa = PBXFileReference; lastKnownFileType = sourcecode.swift; path = SingleTon.swift; sourceTree = "<group>"; };
		885F5D7529464B20092877DD /* Pods-VideoRecordingDemo.release.xcconfig */ = {isa = PBXFileReference; includeInIndex = 1; lastKnownFileType = text.xcconfig; name = "Pods-VideoRecordingDemo.release.xcconfig"; path = "Target Support Files/Pods-VideoRecordingDemo/Pods-VideoRecordingDemo.release.xcconfig"; sourceTree = "<group>"; };
		AB2A1D56972E3B108F50616F /* Pods-VideoRecordingDemo.debug.xcconfig */ = {isa = PBXFileReference; includeInIndex = 1; lastKnownFileType = text.xcconfig; name = "Pods-VideoRecordingDemo.debug.xcconfig"; path = "Target Support Files/Pods-VideoRecordingDemo/Pods-VideoRecordingDemo.debug.xcconfig"; sourceTree = "<group>"; };
/* End PBXFileReference section */

/* Begin PBXFrameworksBuildPhase section */
		4C8707D4277CB8A4007D54F6 /* Frameworks */ = {
			isa = PBXFrameworksBuildPhase;
			buildActionMask = 2147483647;
			files = (
				45A2B1600CBF0BA7EDA70418 /* Pods_VideoRecordingDemo.framework in Frameworks */,
			);
			runOnlyForDeploymentPostprocessing = 0;
		};
/* End PBXFrameworksBuildPhase section */

/* Begin PBXGroup section */
		4C8707CE277CB8A4007D54F6 = {
			isa = PBXGroup;
			children = (
				4C8707D9277CB8A5007D54F6 /* VideoRecordingDemo */,
				4C8707D8277CB8A5007D54F6 /* Products */,
				901877138E3D5304C1955F6B /* Pods */,
				E1BA1600D26DBB94663CA9C3 /* Frameworks */,
			);
			sourceTree = "<group>";
		};
		4C8707D8277CB8A5007D54F6 /* Products */ = {
			isa = PBXGroup;
			children = (
				4C8707D7277CB8A5007D54F6 /* VideoRecordingDemo.app */,
			);
			name = Products;
			sourceTree = "<group>";
		};
		4C8707D9277CB8A5007D54F6 /* VideoRecordingDemo */ = {
			isa = PBXGroup;
			children = (
				4C870806277CEF2B007D54F6 /* AppSingleTon */,
				4C870804277CE121007D54F6 /* SampleVideo_360x240_1mb.mp4 */,
				4C870801277CDD33007D54F6 /* AppLibrary */,
				4C8707FA277CCF9F007D54F6 /* AppExtension */,
				4C8707F7277CCE7C007D54F6 /* AppConstrant */,
				4C8707F2277CBA6F007D54F6 /* AppUtilities */,
				4C8707F1277CB91C007D54F6 /* AppViewControllers */,
				4C8707DA277CB8A5007D54F6 /* AppDelegate.swift */,
				4C8707E0277CB8A5007D54F6 /* Main.storyboard */,
				4C8707E6277CB8A7007D54F6 /* Assets.xcassets */,
				4C8707E8277CB8A7007D54F6 /* LaunchScreen.storyboard */,
				4C8707EB277CB8A7007D54F6 /* Info.plist */,
				4C8707E3277CB8A5007D54F6 /* VideoRecordingDemo.xcdatamodeld */,
			);
			path = VideoRecordingDemo;
			sourceTree = "<group>";
		};
		4C8707F1277CB91C007D54F6 /* AppViewControllers */ = {
			isa = PBXGroup;
			children = (
				4C8707DE277CB8A5007D54F6 /* RecordingVC.swift */,
				4C8707FF277CD849007D54F6 /* VideoPlayVC.swift */,
			);
			path = AppViewControllers;
			sourceTree = "<group>";
		};
		4C8707F2277CBA6F007D54F6 /* AppUtilities */ = {
			isa = PBXGroup;
			children = (
				4C8707F5277CBF84007D54F6 /* UIViewControllerExtensions.swift */,
				4C8707F3277CBA89007D54F6 /* CameraConfigration.swift */,
			);
			path = AppUtilities;
			sourceTree = "<group>";
		};
		4C8707F7277CCE7C007D54F6 /* AppConstrant */ = {
			isa = PBXGroup;
			children = (
				4C8707F8277CCE8F007D54F6 /* Constant.swift */,
			);
			path = AppConstrant;
			sourceTree = "<group>";
		};
		4C8707FA277CCF9F007D54F6 /* AppExtension */ = {
			isa = PBXGroup;
			children = (
				4C8707FB277CCFB4007D54F6 /* Extension.swift */,
			);
			path = AppExtension;
			sourceTree = "<group>";
		};
		4C870801277CDD33007D54F6 /* AppLibrary */ = {
			isa = PBXGroup;
			children = (
				4C870802277CDD42007D54F6 /* Player.swift */,
			);
			path = AppLibrary;
			sourceTree = "<group>";
		};
		4C870806277CEF2B007D54F6 /* AppSingleTon */ = {
			isa = PBXGroup;
			children = (
				4C870807277CEF41007D54F6 /* SingleTon.swift */,
			);
			path = AppSingleTon;
			sourceTree = "<group>";
		};
		901877138E3D5304C1955F6B /* Pods */ = {
			isa = PBXGroup;
			children = (
				AB2A1D56972E3B108F50616F /* Pods-VideoRecordingDemo.debug.xcconfig */,
				885F5D7529464B20092877DD /* Pods-VideoRecordingDemo.release.xcconfig */,
			);
			path = Pods;
			sourceTree = "<group>";
		};
		E1BA1600D26DBB94663CA9C3 /* Frameworks */ = {
			isa = PBXGroup;
			children = (
				342E20B0677E638F6F61C8AD /* Pods_VideoRecordingDemo.framework */,
			);
			name = Frameworks;
			sourceTree = "<group>";
		};
/* End PBXGroup section */

/* Begin PBXNativeTarget section */
		4C8707D6277CB8A4007D54F6 /* VideoRecordingDemo */ = {
			isa = PBXNativeTarget;
			buildConfigurationList = 4C8707EE277CB8A7007D54F6 /* Build configuration list for PBXNativeTarget "VideoRecordingDemo" */;
			buildPhases = (
				0EEF95893F134D8BC03B8054 /* [CP] Check Pods Manifest.lock */,
				4C8707D3277CB8A4007D54F6 /* Sources */,
				4C8707D4277CB8A4007D54F6 /* Frameworks */,
				4C8707D5277CB8A4007D54F6 /* Resources */,
				EC245ABEB6A15BE5EB221301 /* [CP] Embed Pods Frameworks */,
			);
			buildRules = (
			);
			dependencies = (
			);
			name = VideoRecordingDemo;
			productName = VideoRecordingDemo;
			productReference = 4C8707D7277CB8A5007D54F6 /* VideoRecordingDemo.app */;
			productType = "com.apple.product-type.application";
		};
/* End PBXNativeTarget section */

/* Begin PBXProject section */
		4C8707CF277CB8A4007D54F6 /* Project object */ = {
			isa = PBXProject;
			attributes = {
				BuildIndependentTargetsInParallel = 1;
				LastSwiftUpdateCheck = 1300;
				LastUpgradeCheck = 1300;
				TargetAttributes = {
					4C8707D6277CB8A4007D54F6 = {
						CreatedOnToolsVersion = 13.0;
					};
				};
			};
			buildConfigurationList = 4C8707D2277CB8A4007D54F6 /* Build configuration list for PBXProject "VideoRecordingDemo" */;
			compatibilityVersion = "Xcode 13.0";
			developmentRegion = en;
			hasScannedForEncodings = 0;
			knownRegions = (
				en,
				Base,
			);
			mainGroup = 4C8707CE277CB8A4007D54F6;
			productRefGroup = 4C8707D8277CB8A5007D54F6 /* Products */;
			projectDirPath = "";
			projectRoot = "";
			targets = (
				4C8707D6277CB8A4007D54F6 /* VideoRecordingDemo */,
			);
		};
/* End PBXProject section */

/* Begin PBXResourcesBuildPhase section */
		4C8707D5277CB8A4007D54F6 /* Resources */ = {
			isa = PBXResourcesBuildPhase;
			buildActionMask = 2147483647;
			files = (
				4C8707EA277CB8A7007D54F6 /* LaunchScreen.storyboard in Resources */,
				4C8707E7277CB8A7007D54F6 /* Assets.xcassets in Resources */,
				4C8707E2277CB8A5007D54F6 /* Main.storyboard in Resources */,
				4C870805277CE121007D54F6 /* SampleVideo_360x240_1mb.mp4 in Resources */,
			);
			runOnlyForDeploymentPostprocessing = 0;
		};
/* End PBXResourcesBuildPhase section */

/* Begin PBXShellScriptBuildPhase section */
		0EEF95893F134D8BC03B8054 /* [CP] Check Pods Manifest.lock */ = {
			isa = PBXShellScriptBuildPhase;
			buildActionMask = 2147483647;
			files = (
			);
			inputFileListPaths = (
			);
			inputPaths = (
				"${PODS_PODFILE_DIR_PATH}/Podfile.lock",
				"${PODS_ROOT}/Manifest.lock",
			);
			name = "[CP] Check Pods Manifest.lock";
			outputFileListPaths = (
			);
			outputPaths = (
				"$(DERIVED_FILE_DIR)/Pods-VideoRecordingDemo-checkManifestLockResult.txt",
			);
			runOnlyForDeploymentPostprocessing = 0;
			shellPath = /bin/sh;
			shellScript = "diff \"${PODS_PODFILE_DIR_PATH}/Podfile.lock\" \"${PODS_ROOT}/Manifest.lock\" > /dev/null\nif [ $? != 0 ] ; then\n    # print error to STDERR\n    echo \"error: The sandbox is not in sync with the Podfile.lock. Run 'pod install' or update your CocoaPods installation.\" >&2\n    exit 1\nfi\n# This output is used by Xcode 'outputs' to avoid re-running this script phase.\necho \"SUCCESS\" > \"${SCRIPT_OUTPUT_FILE_0}\"\n";
			showEnvVarsInLog = 0;
		};
		EC245ABEB6A15BE5EB221301 /* [CP] Embed Pods Frameworks */ = {
			isa = PBXShellScriptBuildPhase;
			buildActionMask = 2147483647;
			files = (
			);
			inputFileListPaths = (
				"${PODS_ROOT}/Target Support Files/Pods-VideoRecordingDemo/Pods-VideoRecordingDemo-frameworks-${CONFIGURATION}-input-files.xcfilelist",
			);
			name = "[CP] Embed Pods Frameworks";
			outputFileListPaths = (
				"${PODS_ROOT}/Target Support Files/Pods-VideoRecordingDemo/Pods-VideoRecordingDemo-frameworks-${CONFIGURATION}-output-files.xcfilelist",
			);
			runOnlyForDeploymentPostprocessing = 0;
			shellPath = /bin/sh;
			shellScript = "\"${PODS_ROOT}/Target Support Files/Pods-VideoRecordingDemo/Pods-VideoRecordingDemo-frameworks.sh\"\n";
			showEnvVarsInLog = 0;
		};
/* End PBXShellScriptBuildPhase section */

/* Begin PBXSourcesBuildPhase section */
		4C8707D3277CB8A4007D54F6 /* Sources */ = {
			isa = PBXSourcesBuildPhase;
			buildActionMask = 2147483647;
			files = (
				4C8707F4277CBA89007D54F6 /* CameraConfigration.swift in Sources */,
				4C8707E5277CB8A5007D54F6 /* VideoRecordingDemo.xcdatamodeld in Sources */,
				4C870800277CD849007D54F6 /* VideoPlayVC.swift in Sources */,
				4C870808277CEF41007D54F6 /* SingleTon.swift in Sources */,
				4C8707FC277CCFB4007D54F6 /* Extension.swift in Sources */,
				4C8707DF277CB8A5007D54F6 /* RecordingVC.swift in Sources */,
				4C8707DB277CB8A5007D54F6 /* AppDelegate.swift in Sources */,
				4C8707F6277CBF84007D54F6 /* UIViewControllerExtensions.swift in Sources */,
				4C870803277CDD42007D54F6 /* Player.swift in Sources */,
				4C8707F9277CCE8F007D54F6 /* Constant.swift in Sources */,
			);
			runOnlyForDeploymentPostprocessing = 0;
		};
/* End PBXSourcesBuildPhase section */

/* Begin PBXVariantGroup section */
		4C8707E0277CB8A5007D54F6 /* Main.storyboard */ = {
			isa = PBXVariantGroup;
			children = (
				4C8707E1277CB8A5007D54F6 /* Base */,
			);
			name = Main.storyboard;
			sourceTree = "<group>";
		};
		4C8707E8277CB8A7007D54F6 /* LaunchScreen.storyboard */ = {
			isa = PBXVariantGroup;
			children = (
				4C8707E9277CB8A7007D54F6 /* Base */,
			);
			name = LaunchScreen.storyboard;
			sourceTree = "<group>";
		};
/* End PBXVariantGroup section */

/* Begin XCBuildConfiguration section */
		4C8707EC277CB8A7007D54F6 /* Debug */ = {
			isa = XCBuildConfiguration;
			buildSettings = {
				ALWAYS_SEARCH_USER_PATHS = NO;
				CLANG_ANALYZER_NONNULL = YES;
				CLANG_ANALYZER_NUMBER_OBJECT_CONVERSION = YES_AGGRESSIVE;
				CLANG_CXX_LANGUAGE_STANDARD = "gnu++17";
				CLANG_CXX_LIBRARY = "libc++";
				CLANG_ENABLE_MODULES = YES;
				CLANG_ENABLE_OBJC_ARC = YES;
				CLANG_ENABLE_OBJC_WEAK = YES;
				CLANG_WARN_BLOCK_CAPTURE_AUTORELEASING = YES;
				CLANG_WARN_BOOL_CONVERSION = YES;
				CLANG_WARN_COMMA = YES;
				CLANG_WARN_CONSTANT_CONVERSION = YES;
				CLANG_WARN_DEPRECATED_OBJC_IMPLEMENTATIONS = YES;
				CLANG_WARN_DIRECT_OBJC_ISA_USAGE = YES_ERROR;
				CLANG_WARN_DOCUMENTATION_COMMENTS = YES;
				CLANG_WARN_EMPTY_BODY = YES;
				CLANG_WARN_ENUM_CONVERSION = YES;
				CLANG_WARN_INFINITE_RECURSION = YES;
				CLANG_WARN_INT_CONVERSION = YES;
				CLANG_WARN_NON_LITERAL_NULL_CONVERSION = YES;
				CLANG_WARN_OBJC_IMPLICIT_RETAIN_SELF = YES;
				CLANG_WARN_OBJC_LITERAL_CONVERSION = YES;
				CLANG_WARN_OBJC_ROOT_CLASS = YES_ERROR;
				CLANG_WARN_QUOTED_INCLUDE_IN_FRAMEWORK_HEADER = YES;
				CLANG_WARN_RANGE_LOOP_ANALYSIS = YES;
				CLANG_WARN_STRICT_PROTOTYPES = YES;
				CLANG_WARN_SUSPICIOUS_MOVE = YES;
				CLANG_WARN_UNGUARDED_AVAILABILITY = YES_AGGRESSIVE;
				CLANG_WARN_UNREACHABLE_CODE = YES;
				CLANG_WARN__DUPLICATE_METHOD_MATCH = YES;
				COPY_PHASE_STRIP = NO;
				DEBUG_INFORMATION_FORMAT = dwarf;
				ENABLE_STRICT_OBJC_MSGSEND = YES;
				ENABLE_TESTABILITY = YES;
				GCC_C_LANGUAGE_STANDARD = gnu11;
				GCC_DYNAMIC_NO_PIC = NO;
				GCC_NO_COMMON_BLOCKS = YES;
				GCC_OPTIMIZATION_LEVEL = 0;
				GCC_PREPROCESSOR_DEFINITIONS = (
					"DEBUG=1",
					"$(inherited)",
				);
				GCC_WARN_64_TO_32_BIT_CONVERSION = YES;
				GCC_WARN_ABOUT_RETURN_TYPE = YES_ERROR;
				GCC_WARN_UNDECLARED_SELECTOR = YES;
				GCC_WARN_UNINITIALIZED_AUTOS = YES_AGGRESSIVE;
				GCC_WARN_UNUSED_FUNCTION = YES;
				GCC_WARN_UNUSED_VARIABLE = YES;
				IPHONEOS_DEPLOYMENT_TARGET = 12.4;
				MTL_ENABLE_DEBUG_INFO = INCLUDE_SOURCE;
				MTL_FAST_MATH = YES;
				ONLY_ACTIVE_ARCH = YES;
				SDKROOT = iphoneos;
				SWIFT_ACTIVE_COMPILATION_CONDITIONS = DEBUG;
				SWIFT_OPTIMIZATION_LEVEL = "-Onone";
			};
			name = Debug;
		};
		4C8707ED277CB8A7007D54F6 /* Release */ = {
			isa = XCBuildConfiguration;
			buildSettings = {
				ALWAYS_SEARCH_USER_PATHS = NO;
				CLANG_ANALYZER_NONNULL = YES;
				CLANG_ANALYZER_NUMBER_OBJECT_CONVERSION = YES_AGGRESSIVE;
				CLANG_CXX_LANGUAGE_STANDARD = "gnu++17";
				CLANG_CXX_LIBRARY = "libc++";
				CLANG_ENABLE_MODULES = YES;
				CLANG_ENABLE_OBJC_ARC = YES;
				CLANG_ENABLE_OBJC_WEAK = YES;
				CLANG_WARN_BLOCK_CAPTURE_AUTORELEASING = YES;
				CLANG_WARN_BOOL_CONVERSION = YES;
				CLANG_WARN_COMMA = YES;
				CLANG_WARN_CONSTANT_CONVERSION = YES;
				CLANG_WARN_DEPRECATED_OBJC_IMPLEMENTATIONS = YES;
				CLANG_WARN_DIRECT_OBJC_ISA_USAGE = YES_ERROR;
				CLANG_WARN_DOCUMENTATION_COMMENTS = YES;
				CLANG_WARN_EMPTY_BODY = YES;
				CLANG_WARN_ENUM_CONVERSION = YES;
				CLANG_WARN_INFINITE_RECURSION = YES;
				CLANG_WARN_INT_CONVERSION = YES;
				CLANG_WARN_NON_LITERAL_NULL_CONVERSION = YES;
				CLANG_WARN_OBJC_IMPLICIT_RETAIN_SELF = YES;
				CLANG_WARN_OBJC_LITERAL_CONVERSION = YES;
				CLANG_WARN_OBJC_ROOT_CLASS = YES_ERROR;
				CLANG_WARN_QUOTED_INCLUDE_IN_FRAMEWORK_HEADER = YES;
				CLANG_WARN_RANGE_LOOP_ANALYSIS = YES;
				CLANG_WARN_STRICT_PROTOTYPES = YES;
				CLANG_WARN_SUSPICIOUS_MOVE = YES;
				CLANG_WARN_UNGUARDED_AVAILABILITY = YES_AGGRESSIVE;
				CLANG_WARN_UNREACHABLE_CODE = YES;
				CLANG_WARN__DUPLICATE_METHOD_MATCH = YES;
				COPY_PHASE_STRIP = NO;
				DEBUG_INFORMATION_FORMAT = "dwarf-with-dsym";
				ENABLE_NS_ASSERTIONS = NO;
				ENABLE_STRICT_OBJC_MSGSEND = YES;
				GCC_C_LANGUAGE_STANDARD = gnu11;
				GCC_NO_COMMON_BLOCKS = YES;
				GCC_WARN_64_TO_32_BIT_CONVERSION = YES;
				GCC_WARN_ABOUT_RETURN_TYPE = YES_ERROR;
				GCC_WARN_UNDECLARED_SELECTOR = YES;
				GCC_WARN_UNINITIALIZED_AUTOS = YES_AGGRESSIVE;
				GCC_WARN_UNUSED_FUNCTION = YES;
				GCC_WARN_UNUSED_VARIABLE = YES;
				IPHONEOS_DEPLOYMENT_TARGET = 12.4;
				MTL_ENABLE_DEBUG_INFO = NO;
				MTL_FAST_MATH = YES;
				SDKROOT = iphoneos;
				SWIFT_COMPILATION_MODE = wholemodule;
				SWIFT_OPTIMIZATION_LEVEL = "-O";
				VALIDATE_PRODUCT = YES;
			};
			name = Release;
		};
		4C8707EF277CB8A7007D54F6 /* Debug */ = {
			isa = XCBuildConfiguration;
			baseConfigurationReference = AB2A1D56972E3B108F50616F /* Pods-VideoRecordingDemo.debug.xcconfig */;
			buildSettings = {
				ASSETCATALOG_COMPILER_APPICON_NAME = AppIcon;
				ASSETCATALOG_COMPILER_GLOBAL_ACCENT_COLOR_NAME = AccentColor;
				CODE_SIGN_IDENTITY = "iPhone Developer";
				CODE_SIGN_STYLE = Manual;
				CURRENT_PROJECT_VERSION = 1;
				DEVELOPMENT_TEAM = X4EFSF78D2;
				GENERATE_INFOPLIST_FILE = YES;
				INFOPLIST_FILE = VideoRecordingDemo/Info.plist;
				INFOPLIST_KEY_UIApplicationSupportsIndirectInputEvents = YES;
				INFOPLIST_KEY_UILaunchStoryboardName = LaunchScreen;
				INFOPLIST_KEY_UIMainStoryboardFile = Main;
				INFOPLIST_KEY_UISupportedInterfaceOrientations_iPad = "UIInterfaceOrientationPortrait UIInterfaceOrientationPortraitUpsideDown UIInterfaceOrientationLandscapeLeft UIInterfaceOrientationLandscapeRight";
				INFOPLIST_KEY_UISupportedInterfaceOrientations_iPhone = "UIInterfaceOrientationPortrait UIInterfaceOrientationLandscapeLeft UIInterfaceOrientationLandscapeRight";
				LD_RUNPATH_SEARCH_PATHS = (
					"$(inherited)",
					"@executable_path/Frameworks",
				);
				MARKETING_VERSION = 1.0;
				PRODUCT_BUNDLE_IDENTIFIER = com.iMobDev.VideoRecordingDemo;
				PRODUCT_NAME = "$(TARGET_NAME)";
				PROVISIONING_PROFILE_SPECIFIER = App_Development_Profile;
				SWIFT_EMIT_LOC_STRINGS = YES;
				SWIFT_VERSION = 5.0;
				TARGETED_DEVICE_FAMILY = "1,2";
			};
			name = Debug;
		};
		4C8707F0277CB8A7007D54F6 /* Release */ = {
			isa = XCBuildConfiguration;
			baseConfigurationReference = 885F5D7529464B20092877DD /* Pods-VideoRecordingDemo.release.xcconfig */;
			buildSettings = {
				ASSETCATALOG_COMPILER_APPICON_NAME = AppIcon;
				ASSETCATALOG_COMPILER_GLOBAL_ACCENT_COLOR_NAME = AccentColor;
				CODE_SIGN_IDENTITY = "iPhone Developer";
				CODE_SIGN_STYLE = Manual;
				CURRENT_PROJECT_VERSION = 1;
				DEVELOPMENT_TEAM = X4EFSF78D2;
				GENERATE_INFOPLIST_FILE = YES;
				INFOPLIST_FILE = VideoRecordingDemo/Info.plist;
				INFOPLIST_KEY_UIApplicationSupportsIndirectInputEvents = YES;
				INFOPLIST_KEY_UILaunchStoryboardName = LaunchScreen;
				INFOPLIST_KEY_UIMainStoryboardFile = Main;
				INFOPLIST_KEY_UISupportedInterfaceOrientations_iPad = "UIInterfaceOrientationPortrait UIInterfaceOrientationPortraitUpsideDown UIInterfaceOrientationLandscapeLeft UIInterfaceOrientationLandscapeRight";
				INFOPLIST_KEY_UISupportedInterfaceOrientations_iPhone = "UIInterfaceOrientationPortrait UIInterfaceOrientationLandscapeLeft UIInterfaceOrientationLandscapeRight";
				LD_RUNPATH_SEARCH_PATHS = (
					"$(inherited)",
					"@executable_path/Frameworks",
				);
				MARKETING_VERSION = 1.0;
				PRODUCT_BUNDLE_IDENTIFIER = com.iMobDev.VideoRecordingDemo;
				PRODUCT_NAME = "$(TARGET_NAME)";
				PROVISIONING_PROFILE_SPECIFIER = App_Development_Profile;
				SWIFT_EMIT_LOC_STRINGS = YES;
				SWIFT_VERSION = 5.0;
				TARGETED_DEVICE_FAMILY = "1,2";
			};
			name = Release;
		};
/* End XCBuildConfiguration section */

/* Begin XCConfigurationList section */
		4C8707D2277CB8A4007D54F6 /* Build configuration list for PBXProject "VideoRecordingDemo" */ = {
			isa = XCConfigurationList;
			buildConfigurations = (
				4C8707EC277CB8A7007D54F6 /* Debug */,
				4C8707ED277CB8A7007D54F6 /* Release */,
			);
			defaultConfigurationIsVisible = 0;
			defaultConfigurationName = Release;
		};
		4C8707EE277CB8A7007D54F6 /* Build configuration list for PBXNativeTarget "VideoRecordingDemo" */ = {
			isa = XCConfigurationList;
			buildConfigurations = (
				4C8707EF277CB8A7007D54F6 /* Debug */,
				4C8707F0277CB8A7007D54F6 /* Release */,
			);
			defaultConfigurationIsVisible = 0;
			defaultConfigurationName = Release;
		};
/* End XCConfigurationList section */

/* Begin XCVersionGroup section */
		4C8707E3277CB8A5007D54F6 /* VideoRecordingDemo.xcdatamodeld */ = {
			isa = XCVersionGroup;
			children = (
				4C8707E4277CB8A5007D54F6 /* VideoRecordingDemo.xcdatamodel */,
			);
			currentVersion = 4C8707E4277CB8A5007D54F6 /* VideoRecordingDemo.xcdatamodel */;
			path = VideoRecordingDemo.xcdatamodeld;
			sourceTree = "<group>";
			versionGroupType = wrapper.xcdatamodel;
		};
/* End XCVersionGroup section */
	};
	rootObject = 4C8707CF277CB8A4007D54F6 /* Project object */;
}
